<?xml version="1.0" encoding="utf-8"?>
<Project ToolsVersion="4.0" xmlns="http://schemas.microsoft.com/developer/msbuild/2003">
  <ItemGroup>
    <Filter Include="Source Files">
      <UniqueIdentifier>{4FC737F1-C7A5-4376-A066-2A32D752A2FF}</UniqueIdentifier>
      <Extensions>cpp;c;cc;cxx;def;odl;idl;hpj;bat;asm;asmx</Extensions>
    </Filter>
    <Filter Include="Header Files">
      <UniqueIdentifier>{93995380-89BD-4b04-88EB-625FBE52EBFB}</UniqueIdentifier>
      <Extensions>h;hh;hpp;hxx;hm;inl;inc;xsd</Extensions>
    </Filter>
    <Filter Include="Resource Files">
      <UniqueIdentifier>{67DA6AB6-F800-4c08-8B7A-83BB121AAD01}</UniqueIdentifier>
      <Extensions>rc;ico;cur;bmp;dlg;rc2;rct;bin;rgs;gif;jpg;jpeg;jpe;resx;tiff;tif;png;wav;mfcribbon-ms</Extensions>
    </Filter>
  </ItemGroup>
  <ItemGroup>
    <ClCompile Include="src\Window.cpp">
      <Filter>Source Files</Filter>
    </ClCompile>
    <ClCompile Include="src\App.cpp">
      <Filter>Source Files</Filter>
    </ClCompile>
    <ClCompile Include="src\main.cpp">
      <Filter>Source Files</Filter>
    </ClCompile>
    <ClCompile Include="src\SPTracer\Color\CIE1931.cpp">
      <Filter>Source Files</Filter>
    </ClCompile>
    <ClCompile Include="src\SPTracer\Color\RGBColor.cpp">
      <Filter>Source Files</Filter>
    </ClCompile>
    <ClCompile Include="src\SPTracer\Color\ScalarColor.cpp">
      <Filter>Source Files</Filter>
    </ClCompile>
    <ClCompile Include="src\SPTracer\Color\SpectralColor.cpp">
      <Filter>Source Files</Filter>
    </ClCompile>
    <ClCompile Include="src\SPTracer\Color\SRGB.cpp">
      <Filter>Source Files</Filter>
    </ClCompile>
    <ClCompile Include="src\SPTracer\Material\LambertianMaterial.cpp">
      <Filter>Source Files</Filter>
    </ClCompile>
    <ClCompile Include="src\SPTracer\Material\Material.cpp">
      <Filter>Source Files</Filter>
    </ClCompile>
    <ClCompile Include="src\SPTracer\Material\PhongLuminaireMaterial.cpp">
      <Filter>Source Files</Filter>
    </ClCompile>
    <ClCompile Include="src\SPTracer\Material\PhongMaterial.cpp">
      <Filter>Source Files</Filter>
    </ClCompile>
    <ClCompile Include="src\SPTracer\Model\MDLAModel.cpp">
      <Filter>Source Files</Filter>
    </ClCompile>
    <ClCompile Include="src\SPTracer\Model\Model.cpp">
      <Filter>Source Files</Filter>
    </ClCompile>
    <ClCompile Include="src\SPTracer\Model\OBJModel.cpp">
      <Filter>Source Files</Filter>
    </ClCompile>
    <ClCompile Include="src\SPTracer\Object\Box.cpp">
      <Filter>Source Files</Filter>
    </ClCompile>
    <ClCompile Include="src\SPTracer\Object\Object.cpp">
      <Filter>Source Files</Filter>
    </ClCompile>
    <ClCompile Include="src\SPTracer\Task\TaskScheduler.cpp">
      <Filter>Source Files</Filter>
    </ClCompile>
    <ClCompile Include="src\SPTracer\Task\TraceTask.cpp">
      <Filter>Source Files</Filter>
    </ClCompile>
    <ClCompile Include="src\SPTracer\Tracer\Tracer.cpp">
      <Filter>Source Files</Filter>
    </ClCompile>
    <ClCompile Include="src\SPTracer\Log.cpp">
      <Filter>Source Files</Filter>
    </ClCompile>
    <ClCompile Include="src\SPTracer\stdafx.cpp">
      <Filter>Source Files</Filter>
    </ClCompile>
    <ClCompile Include="src\SPTracer\StringUtil.cpp">
      <Filter>Source Files</Filter>
    </ClCompile>
    <ClCompile Include="src\SPTracer\Util.cpp">
      <Filter>Source Files</Filter>
    </ClCompile>
    <ClCompile Include="src\SPTracer\Vec3.cpp">
      <Filter>Source Files</Filter>
    </ClCompile>
    <ClCompile Include="src\WindowImageUpdater.cpp">
      <Filter>Source Files</Filter>
    </ClCompile>
    <ClCompile Include="src\SPTracer\Tracer\KdTreeNode.cpp">
      <Filter>Source Files</Filter>
    </ClCompile>
    <ClCompile Include="src\SPTracer\Tracer\KdTree.cpp">
      <Filter>Source Files</Filter>
    </ClCompile>
    <ClCompile Include="src\SPTracer\Object\Face.cpp">
      <Filter>Source Files</Filter>
    </ClCompile>
  </ItemGroup>
  <ItemGroup>
    <ClInclude Include="src\Window.h">
      <Filter>Header Files</Filter>
    </ClInclude>
    <ClInclude Include="src\App.h">
      <Filter>Header Files</Filter>
    </ClInclude>
    <ClInclude Include="src\Config.h">
      <Filter>Header Files</Filter>
    </ClInclude>
    <ClInclude Include="src\SPTracer\Color\CIE1931.h">
      <Filter>Header Files</Filter>
    </ClInclude>
    <ClInclude Include="src\SPTracer\Color\Color.h">
      <Filter>Header Files</Filter>
    </ClInclude>
    <ClInclude Include="src\SPTracer\Color\RGBColor.h">
      <Filter>Header Files</Filter>
    </ClInclude>
    <ClInclude Include="src\SPTracer\Color\RGBConverter.h">
      <Filter>Header Files</Filter>
    </ClInclude>
    <ClInclude Include="src\SPTracer\Color\ScalarColor.h">
      <Filter>Header Files</Filter>
    </ClInclude>
    <ClInclude Include="src\SPTracer\Color\SpectralColor.h">
      <Filter>Header Files</Filter>
    </ClInclude>
    <ClInclude Include="src\SPTracer\Color\Spectrum.h">
      <Filter>Header Files</Filter>
    </ClInclude>
    <ClInclude Include="src\SPTracer\Color\SRGB.h">
      <Filter>Header Files</Filter>
    </ClInclude>
    <ClInclude Include="src\SPTracer\Color\XYZConverter.h">
      <Filter>Header Files</Filter>
    </ClInclude>
    <ClInclude Include="src\SPTracer\Material\LambertianMaterial.h">
      <Filter>Header Files</Filter>
    </ClInclude>
    <ClInclude Include="src\SPTracer\Material\Material.h">
      <Filter>Header Files</Filter>
    </ClInclude>
    <ClInclude Include="src\SPTracer\Material\PhongLuminaireMaterial.h">
      <Filter>Header Files</Filter>
    </ClInclude>
    <ClInclude Include="src\SPTracer\Material\PhongMaterial.h">
      <Filter>Header Files</Filter>
    </ClInclude>
    <ClInclude Include="src\SPTracer\Model\Camera.h">
      <Filter>Header Files</Filter>
    </ClInclude>
    <ClInclude Include="src\SPTracer\Model\MDLAModel.h">
      <Filter>Header Files</Filter>
    </ClInclude>
    <ClInclude Include="src\SPTracer\Model\Model.h">
      <Filter>Header Files</Filter>
    </ClInclude>
    <ClInclude Include="src\SPTracer\Model\OBJModel.h">
      <Filter>Header Files</Filter>
    </ClInclude>
    <ClInclude Include="src\SPTracer\Object\Box.h">
      <Filter>Header Files</Filter>
    </ClInclude>
    <ClInclude Include="src\SPTracer\Object\Face.h">
      <Filter>Header Files</Filter>
    </ClInclude>
    <ClInclude Include="src\SPTracer\Object\Object.h">
      <Filter>Header Files</Filter>
    </ClInclude>
    <ClInclude Include="src\SPTracer\Task\Task.h">
      <Filter>Header Files</Filter>
    </ClInclude>
    <ClInclude Include="src\SPTracer\Task\TaskScheduler.h">
      <Filter>Header Files</Filter>
    </ClInclude>
    <ClInclude Include="src\SPTracer\Task\TraceTask.h">
      <Filter>Header Files</Filter>
    </ClInclude>
    <ClInclude Include="src\SPTracer\Tracer\Intersection.h">
      <Filter>Header Files</Filter>
    </ClInclude>
    <ClInclude Include="src\SPTracer\Tracer\PixelData.h">
      <Filter>Header Files</Filter>
    </ClInclude>
    <ClInclude Include="src\SPTracer\Tracer\Ray.h">
      <Filter>Header Files</Filter>
    </ClInclude>
    <ClInclude Include="src\SPTracer\Tracer\Tracer.h">
      <Filter>Header Files</Filter>
    </ClInclude>
    <ClInclude Include="src\SPTracer\Exception.h">
      <Filter>Header Files</Filter>
    </ClInclude>
    <ClInclude Include="src\SPTracer\ImageUpdater.h">
      <Filter>Header Files</Filter>
    </ClInclude>
    <ClInclude Include="src\SPTracer\Log.h">
      <Filter>Header Files</Filter>
    </ClInclude>
    <ClInclude Include="src\SPTracer\stdafx.h">
      <Filter>Header Files</Filter>
    </ClInclude>
    <ClInclude Include="src\SPTracer\StringUtil.h">
      <Filter>Header Files</Filter>
    </ClInclude>
    <ClInclude Include="src\SPTracer\Util.h">
      <Filter>Header Files</Filter>
    </ClInclude>
    <ClInclude Include="src\SPTracer\Vec3.h">
      <Filter>Header Files</Filter>
    </ClInclude>
    <ClInclude Include="src\SPTracer\Tracer\KdTree.h">
      <Filter>Header Files</Filter>
    </ClInclude>
    <ClInclude Include="src\SPTracer\Tracer\KdTreeNode.h">
      <Filter>Header Files</Filter>
    </ClInclude>
    <ClInclude Include="src\SPTracer\Object\Vertex.h">
      <Filter>Header Files</Filter>
    </ClInclude>
  </ItemGroup>
</Project>